
Microsoft Visual Studio Solution File, Format Version 12.00
# Visual Studio Version 16
VisualStudioVersion = 16.0.30503.244
MinimumVisualStudioVersion = 10.0.40219.1
Project("{FAE04EC0-301F-11D3-BF4B-00C04F79EFBC}") = "CountItemSets", "CountItemSets\CountItemSets.csproj", "{E1D99F3D-985C-44AB-80BA-E8363888C164}"
EndProject
Project("{FAE04EC0-301F-11D3-BF4B-00C04F79EFBC}") = "OpenCLTests", "OpenCLTests\OpenCLTests.csproj", "{A528C1AA-16EB-4D76-AE8D-47DED8065EF9}"
EndProject
Global
	GlobalSection(SolutionConfigurationPlatforms) = preSolution
		Debug|Any CPU = Debug|Any CPU
		Release|Any CPU = Release|Any CPU
	EndGlobalSection
	GlobalSection(ProjectConfigurationPlatforms) = postSolution
		{E1D99F3D-985C-44AB-80BA-E8363888C164}.Debug|Any CPU.ActiveCfg = Debug|Any CPU
		{E1D99F3D-985C-44AB-80BA-E8363888C164}.Debug|Any CPU.Build.0 = Debug|Any CPU
		{E1D99F3D-985C-44AB-80BA-E8363888C164}.Release|Any CPU.ActiveCfg = Release|Any CPU
		{E1D99F3D-985C-44AB-80BA-E8363888C164}.Release|Any CPU.Build.0 = Release|Any CPU
		{A528C1AA-16EB-4D76-AE8D-47DED8065EF9}.Debug|Any CPU.ActiveCfg = Debug|Any CPU
		{A528C1AA-16EB-4D76-AE8D-47DED8065EF9}.Debug|Any CPU.Build.0 = Debug|Any CPU
		{A528C1AA-16EB-4D76-AE8D-47DED8065EF9}.Release|Any CPU.ActiveCfg = Release|Any CPU
		{A528C1AA-16EB-4D76-AE8D-47DED8065EF9}.Release|Any CPU.Build.0 = Release|Any CPU
	EndGlobalSection
	GlobalSection(SolutionProperties) = preSolution
		HideSolutionNode = FALSE
	EndGlobalSection
	GlobalSection(ExtensibilityGlobals) = postSolution
		SolutionGuid = {A066DF47-BD3E-41E6-BC91-BF93402A825A}
	EndGlobalSection
	GlobalSection(SubversionScc) = preSolution
		Svn-Managed = True
		Manager = AnkhSVN - Subversion Support for Visual Studio
	EndGlobalSection
EndGlobal
